
Microsoft Visual Studio Solution File, Format Version 12.00
# Visual Studio 14
VisualStudioVersion = 14.0.24720.0
MinimumVisualStudioVersion = 10.0.40219.1
Project("{2150E333-8FDC-42A3-9474-1A3956D46DE8}") = "src", "src", "{17961E7C-6936-4201-A495-DA1C94133821}"
EndProject
Project("{2150E333-8FDC-42A3-9474-1A3956D46DE8}") = "Solution Items", "Solution Items", "{DBEE4D3A-EA24-4F6F-B0B9-0AEE8FC47D01}"
	ProjectSection(SolutionItems) = preProject
		global.json = global.json
	EndProjectSection
EndProject
Project("{8BB2217D-0F2D-49D1-97BC-3654ED321F3B}") = "LottoMaster.Web", "src\LottoMaster.Web\LottoMaster.Web.xproj", "{10FF9232-C71C-4D0B-8FEE-B284A2AF2477}"
EndProject
Project("{FAE04EC0-301F-11D3-BF4B-00C04F79EFBC}") = "Lotto.Models", "Lotto.Models\Lotto.Models.csproj", "{DE8EB1CC-9676-46FB-9385-A8C9946279EB}"
EndProject
Project("{FAE04EC0-301F-11D3-BF4B-00C04F79EFBC}") = "Lotto.Repositories", "Lotto.Repositories\Lotto.Repositories.csproj", "{567B0463-3345-428E-B73F-D5CFA000F123}"
EndProject
Project("{8BB2217D-0F2D-49D1-97BC-3654ED321F3B}") = "Lotto.Web", "src\Lotto.Web\Lotto.Web.xproj", "{8FECD32C-FEBC-44AB-842B-19216917FB68}"
EndProject
Global
	GlobalSection(SolutionConfigurationPlatforms) = preSolution
		Debug|Any CPU = Debug|Any CPU
		Release|Any CPU = Release|Any CPU
	EndGlobalSection
	GlobalSection(ProjectConfigurationPlatforms) = postSolution
		{10FF9232-C71C-4D0B-8FEE-B284A2AF2477}.Debug|Any CPU.ActiveCfg = Debug|Any CPU
		{10FF9232-C71C-4D0B-8FEE-B284A2AF2477}.Debug|Any CPU.Build.0 = Debug|Any CPU
		{10FF9232-C71C-4D0B-8FEE-B284A2AF2477}.Release|Any CPU.ActiveCfg = Release|Any CPU
		{10FF9232-C71C-4D0B-8FEE-B284A2AF2477}.Release|Any CPU.Build.0 = Release|Any CPU
		{DE8EB1CC-9676-46FB-9385-A8C9946279EB}.Debug|Any CPU.ActiveCfg = Debug|Any CPU
		{DE8EB1CC-9676-46FB-9385-A8C9946279EB}.Debug|Any CPU.Build.0 = Debug|Any CPU
		{DE8EB1CC-9676-46FB-9385-A8C9946279EB}.Release|Any CPU.ActiveCfg = Release|Any CPU
		{DE8EB1CC-9676-46FB-9385-A8C9946279EB}.Release|Any CPU.Build.0 = Release|Any CPU
		{567B0463-3345-428E-B73F-D5CFA000F123}.Debug|Any CPU.ActiveCfg = Debug|Any CPU
		{567B0463-3345-428E-B73F-D5CFA000F123}.Debug|Any CPU.Build.0 = Debug|Any CPU
		{567B0463-3345-428E-B73F-D5CFA000F123}.Release|Any CPU.ActiveCfg = Release|Any CPU
		{567B0463-3345-428E-B73F-D5CFA000F123}.Release|Any CPU.Build.0 = Release|Any CPU
		{8FECD32C-FEBC-44AB-842B-19216917FB68}.Debug|Any CPU.ActiveCfg = Debug|Any CPU
		{8FECD32C-FEBC-44AB-842B-19216917FB68}.Debug|Any CPU.Build.0 = Debug|Any CPU
		{8FECD32C-FEBC-44AB-842B-19216917FB68}.Release|Any CPU.ActiveCfg = Release|Any CPU
		{8FECD32C-FEBC-44AB-842B-19216917FB68}.Release|Any CPU.Build.0 = Release|Any CPU
	EndGlobalSection
	GlobalSection(SolutionProperties) = preSolution
		HideSolutionNode = FALSE
	EndGlobalSection
	GlobalSection(NestedProjects) = preSolution
		{10FF9232-C71C-4D0B-8FEE-B284A2AF2477} = {17961E7C-6936-4201-A495-DA1C94133821}
		{DE8EB1CC-9676-46FB-9385-A8C9946279EB} = {17961E7C-6936-4201-A495-DA1C94133821}
		{567B0463-3345-428E-B73F-D5CFA000F123} = {17961E7C-6936-4201-A495-DA1C94133821}
		{8FECD32C-FEBC-44AB-842B-19216917FB68} = {17961E7C-6936-4201-A495-DA1C94133821}
	EndGlobalSection
EndGlobal
